
Microsoft Visual Studio Solution File, Format Version 12.00
# Visual Studio Version 17
VisualStudioVersion = 17.14.36203.30 d17.14
MinimumVisualStudioVersion = 10.0.40219.1
Project("{2150E333-8FDC-42A3-9474-1A3956D46DE8}") = "src", "src", "{02EA681E-C7D8-13C7-8484-4AC65E1B71E8}"
EndProject
Project("{2150E333-8FDC-42A3-9474-1A3956D46DE8}") = "tests", "tests", "{DB681B5E-3B14-4D03-8ACA-40596E1B2563}"
EndProject
Project("{FAE04EC0-301F-11D3-BF4B-00C04F79EFBC}") = "CashFlow.Api", "src\CashFlow.Api\CashFlow.Api.csproj", "{C1601606-90EF-42B8-8738-0F873F652161}"
EndProject
Project("{FAE04EC0-301F-11D3-BF4B-00C04F79EFBC}") = "CashFlow.Domain", "src\CashFlow.Domain\CashFlow.Domain.csproj", "{46569839-44B1-459E-A501-09746C8DFBA7}"
EndProject
Project("{FAE04EC0-301F-11D3-BF4B-00C04F79EFBC}") = "CashFlow.Application", "src\CashFlow.Application\CashFlow.Application.csproj", "{E3CB12AA-C9E1-4031-854F-B4319D2382A6}"
EndProject
Project("{FAE04EC0-301F-11D3-BF4B-00C04F79EFBC}") = "CashFlow.Communication", "src\CashFlow.Communication\CashFlow.Communication.csproj", "{BF3C4543-92AE-43C0-9EF1-417FA3091693}"
EndProject
Project("{FAE04EC0-301F-11D3-BF4B-00C04F79EFBC}") = "CashFlow.Exception", "src\CashFlow.Exception\CashFlow.Exception.csproj", "{063715C0-60C8-47DA-BB08-E4BF5B432E34}"
EndProject
Project("{FAE04EC0-301F-11D3-BF4B-00C04F79EFBC}") = "CashFlow.Infrastruture", "src\CashFlow.Infrastruture\CashFlow.Infrastruture.csproj", "{FE7B2A12-EDBE-4766-B39C-3479BC53EC0F}"
EndProject
Global
	GlobalSection(SolutionConfigurationPlatforms) = preSolution
		Debug|Any CPU = Debug|Any CPU
		Release|Any CPU = Release|Any CPU
	EndGlobalSection
	GlobalSection(ProjectConfigurationPlatforms) = postSolution
		{C1601606-90EF-42B8-8738-0F873F652161}.Debug|Any CPU.ActiveCfg = Debug|Any CPU
		{C1601606-90EF-42B8-8738-0F873F652161}.Debug|Any CPU.Build.0 = Debug|Any CPU
		{C1601606-90EF-42B8-8738-0F873F652161}.Release|Any CPU.ActiveCfg = Release|Any CPU
		{C1601606-90EF-42B8-8738-0F873F652161}.Release|Any CPU.Build.0 = Release|Any CPU
		{46569839-44B1-459E-A501-09746C8DFBA7}.Debug|Any CPU.ActiveCfg = Debug|Any CPU
		{46569839-44B1-459E-A501-09746C8DFBA7}.Debug|Any CPU.Build.0 = Debug|Any CPU
		{46569839-44B1-459E-A501-09746C8DFBA7}.Release|Any CPU.ActiveCfg = Release|Any CPU
		{46569839-44B1-459E-A501-09746C8DFBA7}.Release|Any CPU.Build.0 = Release|Any CPU
		{E3CB12AA-C9E1-4031-854F-B4319D2382A6}.Debug|Any CPU.ActiveCfg = Debug|Any CPU
		{E3CB12AA-C9E1-4031-854F-B4319D2382A6}.Debug|Any CPU.Build.0 = Debug|Any CPU
		{E3CB12AA-C9E1-4031-854F-B4319D2382A6}.Release|Any CPU.ActiveCfg = Release|Any CPU
		{E3CB12AA-C9E1-4031-854F-B4319D2382A6}.Release|Any CPU.Build.0 = Release|Any CPU
		{BF3C4543-92AE-43C0-9EF1-417FA3091693}.Debug|Any CPU.ActiveCfg = Debug|Any CPU
		{BF3C4543-92AE-43C0-9EF1-417FA3091693}.Debug|Any CPU.Build.0 = Debug|Any CPU
		{BF3C4543-92AE-43C0-9EF1-417FA3091693}.Release|Any CPU.ActiveCfg = Release|Any CPU
		{BF3C4543-92AE-43C0-9EF1-417FA3091693}.Release|Any CPU.Build.0 = Release|Any CPU
		{063715C0-60C8-47DA-BB08-E4BF5B432E34}.Debug|Any CPU.ActiveCfg = Debug|Any CPU
		{063715C0-60C8-47DA-BB08-E4BF5B432E34}.Debug|Any CPU.Build.0 = Debug|Any CPU
		{063715C0-60C8-47DA-BB08-E4BF5B432E34}.Release|Any CPU.ActiveCfg = Release|Any CPU
		{063715C0-60C8-47DA-BB08-E4BF5B432E34}.Release|Any CPU.Build.0 = Release|Any CPU
		{FE7B2A12-EDBE-4766-B39C-3479BC53EC0F}.Debug|Any CPU.ActiveCfg = Debug|Any CPU
		{FE7B2A12-EDBE-4766-B39C-3479BC53EC0F}.Debug|Any CPU.Build.0 = Debug|Any CPU
		{FE7B2A12-EDBE-4766-B39C-3479BC53EC0F}.Release|Any CPU.ActiveCfg = Release|Any CPU
		{FE7B2A12-EDBE-4766-B39C-3479BC53EC0F}.Release|Any CPU.Build.0 = Release|Any CPU
	EndGlobalSection
	GlobalSection(SolutionProperties) = preSolution
		HideSolutionNode = FALSE
	EndGlobalSection
	GlobalSection(NestedProjects) = preSolution
		{C1601606-90EF-42B8-8738-0F873F652161} = {02EA681E-C7D8-13C7-8484-4AC65E1B71E8}
		{46569839-44B1-459E-A501-09746C8DFBA7} = {02EA681E-C7D8-13C7-8484-4AC65E1B71E8}
		{E3CB12AA-C9E1-4031-854F-B4319D2382A6} = {02EA681E-C7D8-13C7-8484-4AC65E1B71E8}
		{BF3C4543-92AE-43C0-9EF1-417FA3091693} = {02EA681E-C7D8-13C7-8484-4AC65E1B71E8}
		{063715C0-60C8-47DA-BB08-E4BF5B432E34} = {02EA681E-C7D8-13C7-8484-4AC65E1B71E8}
		{FE7B2A12-EDBE-4766-B39C-3479BC53EC0F} = {02EA681E-C7D8-13C7-8484-4AC65E1B71E8}
	EndGlobalSection
	GlobalSection(ExtensibilityGlobals) = postSolution
		SolutionGuid = {C2C261F9-A398-4608-905D-3B69CBF530C2}
	EndGlobalSection
EndGlobal
